
Microsoft Visual Studio Solution File, Format Version 12.00
# Visual Studio Version 17
VisualStudioVersion = 17.8.34511.84
MinimumVisualStudioVersion = 10.0.40219.1
Project("{9A19103F-16F7-4668-BE54-9A1E7A4F7556}") = "WeatherApplication", "WeatherApplication\WeatherApplication.csproj", "{E7D2C597-DE2D-40D7-B0EB-C6B9EFF6655F}"
EndProject
Project("{9A19103F-16F7-4668-BE54-9A1E7A4F7556}") = "Services", "Services\Services.csproj", "{2D58DAAB-67D1-41E5-9D97-46B72BE86838}"
	ProjectSection(ProjectDependencies) = postProject
		{16D978C1-5FB5-4FB9-9D2C-06DFC589EABE} = {16D978C1-5FB5-4FB9-9D2C-06DFC589EABE}
		{E3A50AF4-D144-4270-9A3D-EF60E48EC5E5} = {E3A50AF4-D144-4270-9A3D-EF60E48EC5E5}
	EndProjectSection
EndProject
Project("{9A19103F-16F7-4668-BE54-9A1E7A4F7556}") = "Interfaces", "Interfaces\Interfaces.csproj", "{E3A50AF4-D144-4270-9A3D-EF60E48EC5E5}"
EndProject
Project("{9A19103F-16F7-4668-BE54-9A1E7A4F7556}") = "Models", "Models\Models.csproj", "{16D978C1-5FB5-4FB9-9D2C-06DFC589EABE}"
EndProject
Global
	GlobalSection(SolutionConfigurationPlatforms) = preSolution
		Debug|Any CPU = Debug|Any CPU
		Release|Any CPU = Release|Any CPU
	EndGlobalSection
	GlobalSection(ProjectConfigurationPlatforms) = postSolution
		{E7D2C597-DE2D-40D7-B0EB-C6B9EFF6655F}.Debug|Any CPU.ActiveCfg = Debug|Any CPU
		{E7D2C597-DE2D-40D7-B0EB-C6B9EFF6655F}.Debug|Any CPU.Build.0 = Debug|Any CPU
		{E7D2C597-DE2D-40D7-B0EB-C6B9EFF6655F}.Release|Any CPU.ActiveCfg = Release|Any CPU
		{E7D2C597-DE2D-40D7-B0EB-C6B9EFF6655F}.Release|Any CPU.Build.0 = Release|Any CPU
		{2D58DAAB-67D1-41E5-9D97-46B72BE86838}.Debug|Any CPU.ActiveCfg = Debug|Any CPU
		{2D58DAAB-67D1-41E5-9D97-46B72BE86838}.Debug|Any CPU.Build.0 = Debug|Any CPU
		{2D58DAAB-67D1-41E5-9D97-46B72BE86838}.Release|Any CPU.ActiveCfg = Release|Any CPU
		{2D58DAAB-67D1-41E5-9D97-46B72BE86838}.Release|Any CPU.Build.0 = Release|Any CPU
		{E3A50AF4-D144-4270-9A3D-EF60E48EC5E5}.Debug|Any CPU.ActiveCfg = Debug|Any CPU
		{E3A50AF4-D144-4270-9A3D-EF60E48EC5E5}.Debug|Any CPU.Build.0 = Debug|Any CPU
		{E3A50AF4-D144-4270-9A3D-EF60E48EC5E5}.Release|Any CPU.ActiveCfg = Release|Any CPU
		{E3A50AF4-D144-4270-9A3D-EF60E48EC5E5}.Release|Any CPU.Build.0 = Release|Any CPU
		{16D978C1-5FB5-4FB9-9D2C-06DFC589EABE}.Debug|Any CPU.ActiveCfg = Debug|Any CPU
		{16D978C1-5FB5-4FB9-9D2C-06DFC589EABE}.Debug|Any CPU.Build.0 = Debug|Any CPU
		{16D978C1-5FB5-4FB9-9D2C-06DFC589EABE}.Release|Any CPU.ActiveCfg = Release|Any CPU
		{16D978C1-5FB5-4FB9-9D2C-06DFC589EABE}.Release|Any CPU.Build.0 = Release|Any CPU
	EndGlobalSection
	GlobalSection(SolutionProperties) = preSolution
		HideSolutionNode = FALSE
	EndGlobalSection
	GlobalSection(ExtensibilityGlobals) = postSolution
		SolutionGuid = {D0818AD6-1422-4310-A4AD-65DA938BEBE2}
	EndGlobalSection
EndGlobal
